# THIS IS AN AUTOGENERATED FILE. DO NOT EDIT THIS FILE DIRECTLY.
# yarn lockfile v1


sal.js@^0.7.7:
  version "0.7.7"
  resolved "https://registry.yarnpkg.com/sal.js/-/sal.js-0.7.7.tgz#bbb1967d28bca3c8626dc282d1039ba3854574a9"
  integrity sha512-uQDKQfxkL+2cim5Ik/viUFk2M6WMbFs0FupTH4hz/ODpg2YD8fmng3r6F9EM7e+D8jFXcH5TP5k+OGwZlRAjog==
